
Microsoft Visual Studio Solution File, Format Version 12.00
# Visual Studio Version 17
VisualStudioVersion = 17.8.34525.116
MinimumVisualStudioVersion = 10.0.40219.1
Project("{FAE04EC0-301F-11D3-BF4B-00C04F79EFBC}") = "CuponesTest", "CuponesTest.csproj", "{FF5C2BD5-6F31-4ABD-B203-7A411FFDA0DB}"
EndProject
Global
	GlobalSection(SolutionConfigurationPlatforms) = preSolution
		Debug|Any CPU = Debug|Any CPU
		Release|Any CPU = Release|Any CPU
	EndGlobalSection
	GlobalSection(ProjectConfigurationPlatforms) = postSolution
		{FF5C2BD5-6F31-4ABD-B203-7A411FFDA0DB}.Debug|Any CPU.ActiveCfg = Debug|Any CPU
		{FF5C2BD5-6F31-4ABD-B203-7A411FFDA0DB}.Debug|Any CPU.Build.0 = Debug|Any CPU
		{FF5C2BD5-6F31-4ABD-B203-7A411FFDA0DB}.Release|Any CPU.ActiveCfg = Release|Any CPU
		{FF5C2BD5-6F31-4ABD-B203-7A411FFDA0DB}.Release|Any CPU.Build.0 = Release|Any CPU
	EndGlobalSection
	GlobalSection(SolutionProperties) = preSolution
		HideSolutionNode = FALSE
	EndGlobalSection
	GlobalSection(ExtensibilityGlobals) = postSolution
		SolutionGuid = {DE5E8399-F050-43C0-BECB-E7433DD708F9}
	EndGlobalSection
EndGlobal
